
Microsoft Visual Studio Solution File, Format Version 12.00
# Visual Studio Version 16
VisualStudioVersion = 16.0.809.6
MinimumVisualStudioVersion = 10.0.40219.1
Project("{FAE04EC0-301F-11D3-BF4B-00C04F79EFBC}") = "Ordering.Tests", "Ordering.Tests\Ordering.Tests.csproj", "{2097A181-3800-4517-A5D2-CC78E519120F}"
EndProject
Project("{FAE04EC0-301F-11D3-BF4B-00C04F79EFBC}") = "Menu", "Menu\Menu.csproj", "{CFC5B684-04D9-456E-8E3C-16D039C6543F}"
EndProject
Project("{FAE04EC0-301F-11D3-BF4B-00C04F79EFBC}") = "Ordering", "Ordering\Ordering.csproj", "{F7C2CAD5-7504-414A-9820-ADF8A1CE6072}"
EndProject
Project("{FAE04EC0-301F-11D3-BF4B-00C04F79EFBC}") = "Payments", "Payments\Payments.csproj", "{1C85C5FF-1B12-43D4-BA8A-66F1EA7A0A30}"
EndProject
Project("{FAE04EC0-301F-11D3-BF4B-00C04F79EFBC}") = "Notifications", "Notifications\Notifications.csproj", "{E64D43D6-7F09-449D-9F13-29E33320A5D3}"
EndProject
Project("{FAE04EC0-301F-11D3-BF4B-00C04F79EFBC}") = "FileDatabase", "FileDatabase\FileDatabase.csproj", "{6A777F2C-199D-46C8-9981-AD73162D7E35}"
EndProject
Project("{FAE04EC0-301F-11D3-BF4B-00C04F79EFBC}") = "FileDatabase.Tests", "FileDatabase.Tests\FileDatabase.Tests.csproj", "{B4F91085-014E-43BF-B058-76E5B3B79CCF}"
EndProject
Project("{FAE04EC0-301F-11D3-BF4B-00C04F79EFBC}") = "Common", "Common\Common.csproj", "{84608B74-621D-470D-B2C4-6165579C24B2}"
EndProject
Global
	GlobalSection(SolutionConfigurationPlatforms) = preSolution
		Debug|Any CPU = Debug|Any CPU
		Release|Any CPU = Release|Any CPU
	EndGlobalSection
	GlobalSection(ProjectConfigurationPlatforms) = postSolution
		{2097A181-3800-4517-A5D2-CC78E519120F}.Debug|Any CPU.ActiveCfg = Debug|Any CPU
		{2097A181-3800-4517-A5D2-CC78E519120F}.Debug|Any CPU.Build.0 = Debug|Any CPU
		{2097A181-3800-4517-A5D2-CC78E519120F}.Release|Any CPU.ActiveCfg = Release|Any CPU
		{2097A181-3800-4517-A5D2-CC78E519120F}.Release|Any CPU.Build.0 = Release|Any CPU
		{CFC5B684-04D9-456E-8E3C-16D039C6543F}.Debug|Any CPU.ActiveCfg = Debug|Any CPU
		{CFC5B684-04D9-456E-8E3C-16D039C6543F}.Debug|Any CPU.Build.0 = Debug|Any CPU
		{CFC5B684-04D9-456E-8E3C-16D039C6543F}.Release|Any CPU.ActiveCfg = Release|Any CPU
		{CFC5B684-04D9-456E-8E3C-16D039C6543F}.Release|Any CPU.Build.0 = Release|Any CPU
		{F7C2CAD5-7504-414A-9820-ADF8A1CE6072}.Debug|Any CPU.ActiveCfg = Debug|Any CPU
		{F7C2CAD5-7504-414A-9820-ADF8A1CE6072}.Debug|Any CPU.Build.0 = Debug|Any CPU
		{F7C2CAD5-7504-414A-9820-ADF8A1CE6072}.Release|Any CPU.ActiveCfg = Release|Any CPU
		{F7C2CAD5-7504-414A-9820-ADF8A1CE6072}.Release|Any CPU.Build.0 = Release|Any CPU
		{1C85C5FF-1B12-43D4-BA8A-66F1EA7A0A30}.Debug|Any CPU.ActiveCfg = Debug|Any CPU
		{1C85C5FF-1B12-43D4-BA8A-66F1EA7A0A30}.Debug|Any CPU.Build.0 = Debug|Any CPU
		{1C85C5FF-1B12-43D4-BA8A-66F1EA7A0A30}.Release|Any CPU.ActiveCfg = Release|Any CPU
		{1C85C5FF-1B12-43D4-BA8A-66F1EA7A0A30}.Release|Any CPU.Build.0 = Release|Any CPU
		{E64D43D6-7F09-449D-9F13-29E33320A5D3}.Debug|Any CPU.ActiveCfg = Debug|Any CPU
		{E64D43D6-7F09-449D-9F13-29E33320A5D3}.Debug|Any CPU.Build.0 = Debug|Any CPU
		{E64D43D6-7F09-449D-9F13-29E33320A5D3}.Release|Any CPU.ActiveCfg = Release|Any CPU
		{E64D43D6-7F09-449D-9F13-29E33320A5D3}.Release|Any CPU.Build.0 = Release|Any CPU
		{6A777F2C-199D-46C8-9981-AD73162D7E35}.Debug|Any CPU.ActiveCfg = Debug|Any CPU
		{6A777F2C-199D-46C8-9981-AD73162D7E35}.Debug|Any CPU.Build.0 = Debug|Any CPU
		{6A777F2C-199D-46C8-9981-AD73162D7E35}.Release|Any CPU.ActiveCfg = Release|Any CPU
		{6A777F2C-199D-46C8-9981-AD73162D7E35}.Release|Any CPU.Build.0 = Release|Any CPU
		{B4F91085-014E-43BF-B058-76E5B3B79CCF}.Debug|Any CPU.ActiveCfg = Debug|Any CPU
		{B4F91085-014E-43BF-B058-76E5B3B79CCF}.Debug|Any CPU.Build.0 = Debug|Any CPU
		{B4F91085-014E-43BF-B058-76E5B3B79CCF}.Release|Any CPU.ActiveCfg = Release|Any CPU
		{B4F91085-014E-43BF-B058-76E5B3B79CCF}.Release|Any CPU.Build.0 = Release|Any CPU
		{84608B74-621D-470D-B2C4-6165579C24B2}.Debug|Any CPU.ActiveCfg = Debug|Any CPU
		{84608B74-621D-470D-B2C4-6165579C24B2}.Debug|Any CPU.Build.0 = Debug|Any CPU
		{84608B74-621D-470D-B2C4-6165579C24B2}.Release|Any CPU.ActiveCfg = Release|Any CPU
		{84608B74-621D-470D-B2C4-6165579C24B2}.Release|Any CPU.Build.0 = Release|Any CPU
	EndGlobalSection
	GlobalSection(SolutionProperties) = preSolution
		HideSolutionNode = FALSE
	EndGlobalSection
	GlobalSection(ExtensibilityGlobals) = postSolution
		SolutionGuid = {AB338234-CE18-49D7-8FDC-FC54151E7D89}
	EndGlobalSection
EndGlobal
