
Microsoft Visual Studio Solution File, Format Version 12.00
# Visual Studio Version 16
VisualStudioVersion = 16.0.809.6
MinimumVisualStudioVersion = 10.0.40219.1
Project("{FAE04EC0-301F-11D3-BF4B-00C04F79EFBC}") = "Ordering", "Ordering.csproj", "{5B04406B-C6DF-4D1F-8E28-CB25DC7BC6FB}"
EndProject
Global
	GlobalSection(SolutionConfigurationPlatforms) = preSolution
		Debug|Any CPU = Debug|Any CPU
		Release|Any CPU = Release|Any CPU
	EndGlobalSection
	GlobalSection(ProjectConfigurationPlatforms) = postSolution
		{5B04406B-C6DF-4D1F-8E28-CB25DC7BC6FB}.Debug|Any CPU.ActiveCfg = Debug|Any CPU
		{5B04406B-C6DF-4D1F-8E28-CB25DC7BC6FB}.Debug|Any CPU.Build.0 = Debug|Any CPU
		{5B04406B-C6DF-4D1F-8E28-CB25DC7BC6FB}.Release|Any CPU.ActiveCfg = Release|Any CPU
		{5B04406B-C6DF-4D1F-8E28-CB25DC7BC6FB}.Release|Any CPU.Build.0 = Release|Any CPU
	EndGlobalSection
	GlobalSection(SolutionProperties) = preSolution
		HideSolutionNode = FALSE
	EndGlobalSection
	GlobalSection(ExtensibilityGlobals) = postSolution
		SolutionGuid = {FA54B626-2F7B-4B94-A6DE-4BD7C607B19A}
	EndGlobalSection
EndGlobal
